
Microsoft Visual Studio Solution File, Format Version 12.00
# Visual Studio Version 16
VisualStudioVersion = 16.0.31624.102
MinimumVisualStudioVersion = 10.0.40219.1
Project("{FAE04EC0-301F-11D3-BF4B-00C04F79EFBC}") = "CajeroAutomatico(TL2-Semena4)", "CajeroAutomatico(TL2-Semena4)\CajeroAutomatico(TL2-Semena4).csproj", "{3B879CFA-45E3-42D0-8FC4-DB11E23595C0}"
EndProject
Global
	GlobalSection(SolutionConfigurationPlatforms) = preSolution
		Debug|Any CPU = Debug|Any CPU
		Release|Any CPU = Release|Any CPU
	EndGlobalSection
	GlobalSection(ProjectConfigurationPlatforms) = postSolution
		{3B879CFA-45E3-42D0-8FC4-DB11E23595C0}.Debug|Any CPU.ActiveCfg = Debug|Any CPU
		{3B879CFA-45E3-42D0-8FC4-DB11E23595C0}.Debug|Any CPU.Build.0 = Debug|Any CPU
		{3B879CFA-45E3-42D0-8FC4-DB11E23595C0}.Release|Any CPU.ActiveCfg = Release|Any CPU
		{3B879CFA-45E3-42D0-8FC4-DB11E23595C0}.Release|Any CPU.Build.0 = Release|Any CPU
	EndGlobalSection
	GlobalSection(SolutionProperties) = preSolution
		HideSolutionNode = FALSE
	EndGlobalSection
	GlobalSection(ExtensibilityGlobals) = postSolution
		SolutionGuid = {9FF0E0D9-6D0D-4BD4-B179-E2DE320C9F1A}
	EndGlobalSection
EndGlobal
